
Microsoft Visual Studio Solution File, Format Version 12.00
Project("{FAE04EC0-301F-11D3-BF4B-00C04F79EFBC}") = "Aris.Moe.Ocr.Overlay.Translate.Cli", "Aris.Moe.Ocr.Overlay.Translate.Cli\Aris.Moe.Ocr.Overlay.Translate.Cli.csproj", "{156B7783-667D-4788-BC14-6B42B00B516F}"
EndProject
Project("{2150E333-8FDC-42A3-9474-1A3956D46DE8}") = "Misc", "Misc", "{AD368D5C-994C-471B-BC23-7A2F8ED4A112}"
ProjectSection(SolutionItems) = preProject
	Readme.md = Readme.md
EndProjectSection
EndProject
Project("{FAE04EC0-301F-11D3-BF4B-00C04F79EFBC}") = "Aris.Moe.Overlay", "Aris.Moe.Overlay\Aris.Moe.Overlay.csproj", "{D968365B-89B0-4884-AA35-9689D7B91138}"
EndProject
Project("{FAE04EC0-301F-11D3-BF4B-00C04F79EFBC}") = "Aris.Moe.Ocr.Overlay.Translate.Core", "Aris.Moe.Ocr.Overlay.Translate.Core\Aris.Moe.Ocr.Overlay.Translate.Core.csproj", "{50596B4D-B546-496F-9BD3-47B5A465B967}"
EndProject
Project("{FAE04EC0-301F-11D3-BF4B-00C04F79EFBC}") = "Aris.Moe.Ocr.Overlay.Translate", "Aris.Moe.Ocr.Overlay.Translate\Aris.Moe.Ocr.Overlay.Translate.csproj", "{69DD68D4-B256-4545-809D-8DA6A60929B9}"
EndProject
Global
	GlobalSection(SolutionConfigurationPlatforms) = preSolution
		Debug|Any CPU = Debug|Any CPU
		Release|Any CPU = Release|Any CPU
	EndGlobalSection
	GlobalSection(ProjectConfigurationPlatforms) = postSolution
		{156B7783-667D-4788-BC14-6B42B00B516F}.Debug|Any CPU.ActiveCfg = Debug|Any CPU
		{156B7783-667D-4788-BC14-6B42B00B516F}.Debug|Any CPU.Build.0 = Debug|Any CPU
		{156B7783-667D-4788-BC14-6B42B00B516F}.Release|Any CPU.ActiveCfg = Release|Any CPU
		{156B7783-667D-4788-BC14-6B42B00B516F}.Release|Any CPU.Build.0 = Release|Any CPU
		{D968365B-89B0-4884-AA35-9689D7B91138}.Debug|Any CPU.ActiveCfg = Debug|Any CPU
		{D968365B-89B0-4884-AA35-9689D7B91138}.Debug|Any CPU.Build.0 = Debug|Any CPU
		{D968365B-89B0-4884-AA35-9689D7B91138}.Release|Any CPU.ActiveCfg = Release|Any CPU
		{D968365B-89B0-4884-AA35-9689D7B91138}.Release|Any CPU.Build.0 = Release|Any CPU
		{50596B4D-B546-496F-9BD3-47B5A465B967}.Debug|Any CPU.ActiveCfg = Debug|Any CPU
		{50596B4D-B546-496F-9BD3-47B5A465B967}.Debug|Any CPU.Build.0 = Debug|Any CPU
		{50596B4D-B546-496F-9BD3-47B5A465B967}.Release|Any CPU.ActiveCfg = Release|Any CPU
		{50596B4D-B546-496F-9BD3-47B5A465B967}.Release|Any CPU.Build.0 = Release|Any CPU
		{69DD68D4-B256-4545-809D-8DA6A60929B9}.Debug|Any CPU.ActiveCfg = Debug|Any CPU
		{69DD68D4-B256-4545-809D-8DA6A60929B9}.Debug|Any CPU.Build.0 = Debug|Any CPU
		{69DD68D4-B256-4545-809D-8DA6A60929B9}.Release|Any CPU.ActiveCfg = Release|Any CPU
		{69DD68D4-B256-4545-809D-8DA6A60929B9}.Release|Any CPU.Build.0 = Release|Any CPU
	EndGlobalSection
EndGlobal
